
Microsoft Visual Studio Solution File, Format Version 12.00
# Visual Studio 15
VisualStudioVersion = 15.0.28307.421
MinimumVisualStudioVersion = 10.0.40219.1
Project("{FAE04EC0-301F-11D3-BF4B-00C04F79EFBC}") = "timermitloop", "timermitloop\timermitloop.csproj", "{849E0EC2-FD95-4404-AA48-37F05BC7661C}"
EndProject
Global
	GlobalSection(SolutionConfigurationPlatforms) = preSolution
		Debug|Any CPU = Debug|Any CPU
		Release|Any CPU = Release|Any CPU
	EndGlobalSection
	GlobalSection(ProjectConfigurationPlatforms) = postSolution
		{849E0EC2-FD95-4404-AA48-37F05BC7661C}.Debug|Any CPU.ActiveCfg = Debug|Any CPU
		{849E0EC2-FD95-4404-AA48-37F05BC7661C}.Debug|Any CPU.Build.0 = Debug|Any CPU
		{849E0EC2-FD95-4404-AA48-37F05BC7661C}.Release|Any CPU.ActiveCfg = Release|Any CPU
		{849E0EC2-FD95-4404-AA48-37F05BC7661C}.Release|Any CPU.Build.0 = Release|Any CPU
	EndGlobalSection
	GlobalSection(SolutionProperties) = preSolution
		HideSolutionNode = FALSE
	EndGlobalSection
	GlobalSection(ExtensibilityGlobals) = postSolution
		SolutionGuid = {B30EFB30-A4E0-4A0A-AC8F-5CFDC3CFB1FC}
	EndGlobalSection
EndGlobal
